
Microsoft Visual Studio Solution File, Format Version 12.00
# Visual Studio 15
VisualStudioVersion = 15.0.28307.2092
MinimumVisualStudioVersion = 10.0.40219.1
Project("{8BC9CEB8-8B4A-11D0-8D11-00A0C91BC942}") = "P07", "P07\P07.vcxproj", "{D234B660-C91A-4FAC-8C9C-D956CDE61A6A}"
EndProject
Global
	GlobalSection(SolutionConfigurationPlatforms) = preSolution
		Debug|x64 = Debug|x64
		Debug|x86 = Debug|x86
		Release|x64 = Release|x64
		Release|x86 = Release|x86
	EndGlobalSection
	GlobalSection(ProjectConfigurationPlatforms) = postSolution
		{D234B660-C91A-4FAC-8C9C-D956CDE61A6A}.Debug|x64.ActiveCfg = Debug|x64
		{D234B660-C91A-4FAC-8C9C-D956CDE61A6A}.Debug|x64.Build.0 = Debug|x64
		{D234B660-C91A-4FAC-8C9C-D956CDE61A6A}.Debug|x86.ActiveCfg = Debug|Win32
		{D234B660-C91A-4FAC-8C9C-D956CDE61A6A}.Debug|x86.Build.0 = Debug|Win32
		{D234B660-C91A-4FAC-8C9C-D956CDE61A6A}.Release|x64.ActiveCfg = Release|x64
		{D234B660-C91A-4FAC-8C9C-D956CDE61A6A}.Release|x64.Build.0 = Release|x64
		{D234B660-C91A-4FAC-8C9C-D956CDE61A6A}.Release|x86.ActiveCfg = Release|Win32
		{D234B660-C91A-4FAC-8C9C-D956CDE61A6A}.Release|x86.Build.0 = Release|Win32
	EndGlobalSection
	GlobalSection(SolutionProperties) = preSolution
		HideSolutionNode = FALSE
	EndGlobalSection
	GlobalSection(ExtensibilityGlobals) = postSolution
		SolutionGuid = {337FA17E-4E09-4ED6-B1D9-101129C7756F}
	EndGlobalSection
EndGlobal
